
Microsoft Visual Studio Solution File, Format Version 12.00
# Visual Studio Version 16
VisualStudioVersion = 16.0.29306.81
MinimumVisualStudioVersion = 10.0.40219.1
Project("{2150E333-8FDC-42A3-9474-1A3956D46DE8}") = "1-Service", "1-Service", "{6F759B2A-9232-46ED-8F93-FFF0790E3415}"
EndProject
Project("{2150E333-8FDC-42A3-9474-1A3956D46DE8}") = "2-API", "2-API", "{33F33081-71E3-48EF-A505-6113AE25A221}"
EndProject
Project("{2150E333-8FDC-42A3-9474-1A3956D46DE8}") = "3-Client", "3-Client", "{6F913516-DEB9-4C54-9EC8-65A682C1C8CF}"
EndProject
Project("{9A19103F-16F7-4668-BE54-9A1E7A4F7556}") = "IdentityServer", "IdentityServer\IdentityServer.csproj", "{F5E6E7BC-6541-4F94-AC2E-0373AFF53A9A}"
EndProject
Project("{9A19103F-16F7-4668-BE54-9A1E7A4F7556}") = "ResourceAPI", "ResourceAPI\ResourceAPI.csproj", "{2CFBB9AB-94FC-4D8D-B4B0-A8BF90729F47}"
EndProject
Project("{9A19103F-16F7-4668-BE54-9A1E7A4F7556}") = "Client1", "Client1\Client1.csproj", "{409C3B77-44C3-4784-A9C8-E0B1387C1312}"
EndProject
Project("{9A19103F-16F7-4668-BE54-9A1E7A4F7556}") = "Client2", "Client2\Client2.csproj", "{5BB1F116-468E-4347-B6A0-33336F62B96C}"
EndProject
Project("{9A19103F-16F7-4668-BE54-9A1E7A4F7556}") = "Client3", "Client3\Client3.csproj", "{8B4174C2-A5C4-4991-96FB-1899F8A4A45E}"
EndProject
Project("{9A19103F-16F7-4668-BE54-9A1E7A4F7556}") = "Client4", "Client4\Client4.csproj", "{906D04D6-9628-4D3F-8079-6148C0D97277}"
EndProject
Project("{9A19103F-16F7-4668-BE54-9A1E7A4F7556}") = "Client5", "Client5\Client5.csproj", "{D86E57A8-8C53-4629-BB3F-86E609860C7A}"
EndProject
Project("{9A19103F-16F7-4668-BE54-9A1E7A4F7556}") = "IdentityServerAspNetIdentity", "IdentityServerAspNetIdentity\IdentityServerAspNetIdentity.csproj", "{D3AE20E8-2058-40B5-9519-4C31A48D8B56}"
EndProject
Global
	GlobalSection(SolutionConfigurationPlatforms) = preSolution
		Debug|Any CPU = Debug|Any CPU
		Release|Any CPU = Release|Any CPU
	EndGlobalSection
	GlobalSection(ProjectConfigurationPlatforms) = postSolution
		{F5E6E7BC-6541-4F94-AC2E-0373AFF53A9A}.Debug|Any CPU.ActiveCfg = Debug|Any CPU
		{F5E6E7BC-6541-4F94-AC2E-0373AFF53A9A}.Debug|Any CPU.Build.0 = Debug|Any CPU
		{F5E6E7BC-6541-4F94-AC2E-0373AFF53A9A}.Release|Any CPU.ActiveCfg = Release|Any CPU
		{F5E6E7BC-6541-4F94-AC2E-0373AFF53A9A}.Release|Any CPU.Build.0 = Release|Any CPU
		{2CFBB9AB-94FC-4D8D-B4B0-A8BF90729F47}.Debug|Any CPU.ActiveCfg = Debug|Any CPU
		{2CFBB9AB-94FC-4D8D-B4B0-A8BF90729F47}.Debug|Any CPU.Build.0 = Debug|Any CPU
		{2CFBB9AB-94FC-4D8D-B4B0-A8BF90729F47}.Release|Any CPU.ActiveCfg = Release|Any CPU
		{2CFBB9AB-94FC-4D8D-B4B0-A8BF90729F47}.Release|Any CPU.Build.0 = Release|Any CPU
		{409C3B77-44C3-4784-A9C8-E0B1387C1312}.Debug|Any CPU.ActiveCfg = Debug|Any CPU
		{409C3B77-44C3-4784-A9C8-E0B1387C1312}.Debug|Any CPU.Build.0 = Debug|Any CPU
		{409C3B77-44C3-4784-A9C8-E0B1387C1312}.Release|Any CPU.ActiveCfg = Release|Any CPU
		{409C3B77-44C3-4784-A9C8-E0B1387C1312}.Release|Any CPU.Build.0 = Release|Any CPU
		{5BB1F116-468E-4347-B6A0-33336F62B96C}.Debug|Any CPU.ActiveCfg = Debug|Any CPU
		{5BB1F116-468E-4347-B6A0-33336F62B96C}.Debug|Any CPU.Build.0 = Debug|Any CPU
		{5BB1F116-468E-4347-B6A0-33336F62B96C}.Release|Any CPU.ActiveCfg = Release|Any CPU
		{5BB1F116-468E-4347-B6A0-33336F62B96C}.Release|Any CPU.Build.0 = Release|Any CPU
		{8B4174C2-A5C4-4991-96FB-1899F8A4A45E}.Debug|Any CPU.ActiveCfg = Debug|Any CPU
		{8B4174C2-A5C4-4991-96FB-1899F8A4A45E}.Debug|Any CPU.Build.0 = Debug|Any CPU
		{8B4174C2-A5C4-4991-96FB-1899F8A4A45E}.Release|Any CPU.ActiveCfg = Release|Any CPU
		{8B4174C2-A5C4-4991-96FB-1899F8A4A45E}.Release|Any CPU.Build.0 = Release|Any CPU
		{906D04D6-9628-4D3F-8079-6148C0D97277}.Debug|Any CPU.ActiveCfg = Debug|Any CPU
		{906D04D6-9628-4D3F-8079-6148C0D97277}.Debug|Any CPU.Build.0 = Debug|Any CPU
		{906D04D6-9628-4D3F-8079-6148C0D97277}.Release|Any CPU.ActiveCfg = Release|Any CPU
		{906D04D6-9628-4D3F-8079-6148C0D97277}.Release|Any CPU.Build.0 = Release|Any CPU
		{D86E57A8-8C53-4629-BB3F-86E609860C7A}.Debug|Any CPU.ActiveCfg = Debug|Any CPU
		{D86E57A8-8C53-4629-BB3F-86E609860C7A}.Debug|Any CPU.Build.0 = Debug|Any CPU
		{D86E57A8-8C53-4629-BB3F-86E609860C7A}.Release|Any CPU.ActiveCfg = Release|Any CPU
		{D86E57A8-8C53-4629-BB3F-86E609860C7A}.Release|Any CPU.Build.0 = Release|Any CPU
		{D3AE20E8-2058-40B5-9519-4C31A48D8B56}.Debug|Any CPU.ActiveCfg = Debug|Any CPU
		{D3AE20E8-2058-40B5-9519-4C31A48D8B56}.Debug|Any CPU.Build.0 = Debug|Any CPU
		{D3AE20E8-2058-40B5-9519-4C31A48D8B56}.Release|Any CPU.ActiveCfg = Release|Any CPU
		{D3AE20E8-2058-40B5-9519-4C31A48D8B56}.Release|Any CPU.Build.0 = Release|Any CPU
	EndGlobalSection
	GlobalSection(SolutionProperties) = preSolution
		HideSolutionNode = FALSE
	EndGlobalSection
	GlobalSection(NestedProjects) = preSolution
		{F5E6E7BC-6541-4F94-AC2E-0373AFF53A9A} = {6F759B2A-9232-46ED-8F93-FFF0790E3415}
		{2CFBB9AB-94FC-4D8D-B4B0-A8BF90729F47} = {33F33081-71E3-48EF-A505-6113AE25A221}
		{409C3B77-44C3-4784-A9C8-E0B1387C1312} = {6F913516-DEB9-4C54-9EC8-65A682C1C8CF}
		{5BB1F116-468E-4347-B6A0-33336F62B96C} = {6F913516-DEB9-4C54-9EC8-65A682C1C8CF}
		{8B4174C2-A5C4-4991-96FB-1899F8A4A45E} = {6F913516-DEB9-4C54-9EC8-65A682C1C8CF}
		{906D04D6-9628-4D3F-8079-6148C0D97277} = {6F913516-DEB9-4C54-9EC8-65A682C1C8CF}
		{D86E57A8-8C53-4629-BB3F-86E609860C7A} = {6F913516-DEB9-4C54-9EC8-65A682C1C8CF}
		{D3AE20E8-2058-40B5-9519-4C31A48D8B56} = {6F759B2A-9232-46ED-8F93-FFF0790E3415}
	EndGlobalSection
	GlobalSection(ExtensibilityGlobals) = postSolution
		SolutionGuid = {0DBAB070-1A5C-47F3-9277-A8AEF5BE3568}
	EndGlobalSection
EndGlobal
