
Microsoft Visual Studio Solution File, Format Version 12.00
# Visual Studio Version 16
VisualStudioVersion = 16.0.30907.101
MinimumVisualStudioVersion = 10.0.40219.1
Project("{9A19103F-16F7-4668-BE54-9A1E7A4F7556}") = "ServiceA", "ServiceA\ServiceA.csproj", "{0CCF8BBF-EFFB-4F0A-BC99-2B7C09E854F5}"
EndProject
Project("{9A19103F-16F7-4668-BE54-9A1E7A4F7556}") = "ServiceB", "ServiceB\ServiceB.csproj", "{A507509A-DB07-4388-AF0F-AEBBE0F67EE7}"
EndProject
Project("{FAE04EC0-301F-11D3-BF4B-00C04F79EFBC}") = "ServiceClientA", "ServiceClientA\ServiceClientA.csproj", "{3201BFFC-87F5-43BA-8DA0-55FDB47250D7}"
EndProject
Global
	GlobalSection(SolutionConfigurationPlatforms) = preSolution
		Debug|Any CPU = Debug|Any CPU
		Release|Any CPU = Release|Any CPU
	EndGlobalSection
	GlobalSection(ProjectConfigurationPlatforms) = postSolution
		{0CCF8BBF-EFFB-4F0A-BC99-2B7C09E854F5}.Debug|Any CPU.ActiveCfg = Debug|Any CPU
		{0CCF8BBF-EFFB-4F0A-BC99-2B7C09E854F5}.Debug|Any CPU.Build.0 = Debug|Any CPU
		{0CCF8BBF-EFFB-4F0A-BC99-2B7C09E854F5}.Release|Any CPU.ActiveCfg = Release|Any CPU
		{0CCF8BBF-EFFB-4F0A-BC99-2B7C09E854F5}.Release|Any CPU.Build.0 = Release|Any CPU
		{A507509A-DB07-4388-AF0F-AEBBE0F67EE7}.Debug|Any CPU.ActiveCfg = Debug|Any CPU
		{A507509A-DB07-4388-AF0F-AEBBE0F67EE7}.Debug|Any CPU.Build.0 = Debug|Any CPU
		{A507509A-DB07-4388-AF0F-AEBBE0F67EE7}.Release|Any CPU.ActiveCfg = Release|Any CPU
		{A507509A-DB07-4388-AF0F-AEBBE0F67EE7}.Release|Any CPU.Build.0 = Release|Any CPU
		{3201BFFC-87F5-43BA-8DA0-55FDB47250D7}.Debug|Any CPU.ActiveCfg = Debug|Any CPU
		{3201BFFC-87F5-43BA-8DA0-55FDB47250D7}.Debug|Any CPU.Build.0 = Debug|Any CPU
		{3201BFFC-87F5-43BA-8DA0-55FDB47250D7}.Release|Any CPU.ActiveCfg = Release|Any CPU
		{3201BFFC-87F5-43BA-8DA0-55FDB47250D7}.Release|Any CPU.Build.0 = Release|Any CPU
	EndGlobalSection
	GlobalSection(SolutionProperties) = preSolution
		HideSolutionNode = FALSE
	EndGlobalSection
	GlobalSection(ExtensibilityGlobals) = postSolution
		SolutionGuid = {591D0CCA-A316-4280-96C6-0F4565B3C1EB}
	EndGlobalSection
EndGlobal
